
Microsoft Visual Studio Solution File, Format Version 12.00
# Visual Studio Version 16
VisualStudioVersion = 16.0.29424.173
MinimumVisualStudioVersion = 10.0.40219.1
Project("{FAE04EC0-301F-11D3-BF4B-00C04F79EFBC}") = "SampleWebApp", "SampleWebApp\SampleWebApp.csproj", "{54A93C17-DFAE-4618-ABF9-4FAE6BD9AB13}"
EndProject
Global
	GlobalSection(SolutionConfigurationPlatforms) = preSolution
		Debug|Any CPU = Debug|Any CPU
		Release|Any CPU = Release|Any CPU
	EndGlobalSection
	GlobalSection(ProjectConfigurationPlatforms) = postSolution
		{54A93C17-DFAE-4618-ABF9-4FAE6BD9AB13}.Debug|Any CPU.ActiveCfg = Debug|Any CPU
		{54A93C17-DFAE-4618-ABF9-4FAE6BD9AB13}.Debug|Any CPU.Build.0 = Debug|Any CPU
		{54A93C17-DFAE-4618-ABF9-4FAE6BD9AB13}.Release|Any CPU.ActiveCfg = Release|Any CPU
		{54A93C17-DFAE-4618-ABF9-4FAE6BD9AB13}.Release|Any CPU.Build.0 = Release|Any CPU
	EndGlobalSection
	GlobalSection(SolutionProperties) = preSolution
		HideSolutionNode = FALSE
	EndGlobalSection
	GlobalSection(ExtensibilityGlobals) = postSolution
		SolutionGuid = {A899B717-E243-4E35-A796-BD3B62894FC8}
	EndGlobalSection
EndGlobal
